{
  "lockfile_version": "1",
  "packages": {
    "beam27Packages.elixir_1_19@1.19.5": {
      "last_modified": "2026-01-09T21:51:34Z",
      "resolved": "github:NixOS/nixpkgs/45a1530683263666f42d1de4cdda328109d5a676#beam27Packages.elixir_1_19",
      "source": "devbox-search",
      "version": "1.19.5",
      "systems": {
        "aarch64-darwin": {
          "outputs": [
            {
              "name": "out",
              "path": "/nix/store/vcvl9g5xrlzad9p0jl7973cjjjad9pzx-elixir-1.19.5",
              "default": true
            }
          ],
          "store_path": "/nix/store/vcvl9g5xrlzad9p0jl7973cjjjad9pzx-elixir-1.19.5"
        },
        "aarch64-linux": {
          "outputs": [
            {
              "name": "out",
              "path": "/nix/store/cx51p2b6byj53lgbb08cwmd9155vlk8c-elixir-1.19.5",
              "default": true
            }
          ],
          "store_path": "/nix/store/cx51p2b6byj53lgbb08cwmd9155vlk8c-elixir-1.19.5"
        },
        "x86_64-darwin": {
          "outputs": [
            {
              "name": "out",
              "path": "/nix/store/1gccqz7hsi15719vm249nxd5zs3nsn1m-elixir-1.19.5",
              "default": true
            }
          ],
          "store_path": "/nix/store/1gccqz7hsi15719vm249nxd5zs3nsn1m-elixir-1.19.5"
        },
        "x86_64-linux": {
          "outputs": [
            {
              "name": "out",
              "path": "/nix/store/5kq3kvb462ihgykb7557j4kd4w5nw1pp-elixir-1.19.5",
              "default": true
            }
          ],
          "store_path": "/nix/store/5kq3kvb462ihgykb7557j4kd4w5nw1pp-elixir-1.19.5"
        }
      }
    },
    "beam27Packages.erlang@27.3.4.6": {
      "last_modified": "2025-12-31T03:27:36Z",
      "resolved": "github:NixOS/nixpkgs/f665af0cdb70ed27e1bd8f9fdfecaf451260fc55#beam27Packages.erlang",
      "source": "devbox-search",
      "version": "27.3.4.6",
      "systems": {
        "aarch64-darwin": {
          "outputs": [
            {
              "name": "out",
              "path": "/nix/store/6m74b7aff36ds9g4fmdzmmngm1zzyn3z-erlang-27.3.4.6",
              "default": true
            }
          ],
          "store_path": "/nix/store/6m74b7aff36ds9g4fmdzmmngm1zzyn3z-erlang-27.3.4.6"
        },
        "aarch64-linux": {
          "outputs": [
            {
              "name": "out",
              "path": "/nix/store/xxwd9dp8yc2cigynk3a0i101qlzkfgq1-erlang-27.3.4.6",
              "default": true
            }
          ],
          "store_path": "/nix/store/xxwd9dp8yc2cigynk3a0i101qlzkfgq1-erlang-27.3.4.6"
        },
        "x86_64-darwin": {
          "outputs": [
            {
              "name": "out",
              "path": "/nix/store/z7mh49ckb30va3cib547l2x5r7n4i764-erlang-27.3.4.6",
              "default": true
            }
          ],
          "store_path": "/nix/store/z7mh49ckb30va3cib547l2x5r7n4i764-erlang-27.3.4.6"
        },
        "x86_64-linux": {
          "outputs": [
            {
              "name": "out",
              "path": "/nix/store/5vjg30d48cva0xvdwxmbxg1x5k51hjr9-erlang-27.3.4.6",
              "default": true
            }
          ],
          "store_path": "/nix/store/5vjg30d48cva0xvdwxmbxg1x5k51hjr9-erlang-27.3.4.6"
        }
      }
    },
    "github:NixOS/nixpkgs/nixpkgs-unstable": {
      "last_modified": "2025-12-05T15:03:55Z",
      "resolved": "github:NixOS/nixpkgs/a672be65651c80d3f592a89b3945466584a22069?lastModified=1764947035&narHash=sha256-EYHSjVM4Ox4lvCXUMiKKs2vETUSL5mx%2BJ2FfutM7T9w%3D"
    },
    "nodejs@24.12.0": {
      "last_modified": "2025-12-27T12:56:01Z",
      "plugin_version": "0.0.2",
      "resolved": "github:NixOS/nixpkgs/3edc4a30ed3903fdf6f90c837f961fa6b49582d1#nodejs_24",
      "source": "devbox-search",
      "version": "24.12.0",
      "systems": {
        "aarch64-darwin": {
          "outputs": [
            {
              "name": "out",
              "path": "/nix/store/b1h0af3yb3z9jz048phclcqw6ihiww67-nodejs-24.12.0",
              "default": true
            },
            {
              "name": "dev",
              "path": "/nix/store/ksn4nj0nbp0ikmh4scy9x4biqqdswwhy-nodejs-24.12.0-dev"
            },
            {
              "name": "libv8",
              "path": "/nix/store/3x72bm7l30ib7l7cximrp0sklcq8jqwy-nodejs-24.12.0-libv8"
            }
          ],
          "store_path": "/nix/store/b1h0af3yb3z9jz048phclcqw6ihiww67-nodejs-24.12.0"
        },
        "aarch64-linux": {
          "outputs": [
            {
              "name": "out",
              "path": "/nix/store/9jfsyhcr9c6rpm94lrkibv75jkggvwss-nodejs-24.12.0",
              "default": true
            },
            {
              "name": "dev",
              "path": "/nix/store/7izhv9x1yvsmyrhmmyps6bxjjclajm80-nodejs-24.12.0-dev"
            },
            {
              "name": "libv8",
              "path": "/nix/store/8hl74pnc1qyz68rg10ixw7fz32hcxqkk-nodejs-24.12.0-libv8"
            }
          ],
          "store_path": "/nix/store/9jfsyhcr9c6rpm94lrkibv75jkggvwss-nodejs-24.12.0"
        },
        "x86_64-darwin": {
          "outputs": [
            {
              "name": "out",
              "path": "/nix/store/cj1243xswxvnwgifyiyg8axhn0r2vl48-nodejs-24.12.0",
              "default": true
            },
            {
              "name": "dev",
              "path": "/nix/store/kzia3rkaf9vwpn3py23q9v49jpjm6zx7-nodejs-24.12.0-dev"
            },
            {
              "name": "libv8",
              "path": "/nix/store/xszji81xj7ghjhz7jk0jkhb84nfwyd8f-nodejs-24.12.0-libv8"
            }
          ],
          "store_path": "/nix/store/cj1243xswxvnwgifyiyg8axhn0r2vl48-nodejs-24.12.0"
        },
        "x86_64-linux": {
          "outputs": [
            {
              "name": "out",
              "path": "/nix/store/9z1v3wyrxp6fpyzw21lcakd5w7aknzyc-nodejs-24.12.0",
              "default": true
            },
            {
              "name": "libv8",
              "path": "/nix/store/5yvx909wlis13qd2y1ahwl7ij21ma69a-nodejs-24.12.0-libv8"
            },
            {
              "name": "dev",
              "path": "/nix/store/7ll99p08gmpg0n048669p80zjibl5akr-nodejs-24.12.0-dev"
            }
          ],
          "store_path": "/nix/store/9z1v3wyrxp6fpyzw21lcakd5w7aknzyc-nodejs-24.12.0"
        }
      }
    },
    "postgresql@15.7": {
      "last_modified": "2024-08-14T02:42:29Z",
      "plugin_version": "0.0.2",
      "resolved": "github:NixOS/nixpkgs/daf7bb95821b789db24fc1ac21f613db0c1bf2cb#postgresql",
      "source": "devbox-search",
      "version": "15.7",
      "systems": {
        "aarch64-darwin": {
          "outputs": [
            {
              "name": "out",
              "path": "/nix/store/j063gkab0kj312p0r5wlwh8hhs3ivmmv-postgresql-15.7",
              "default": true
            },
            {
              "name": "man",
              "path": "/nix/store/83zyb6qnvn85ilfb4g03yr8zjnc4kw5c-postgresql-15.7-man",
              "default": true
            },
            {
              "name": "doc",
              "path": "/nix/store/w98l40gkbw15cxjajs9wr9aaz1zqq8pv-postgresql-15.7-doc"
            },
            {
              "name": "lib",
              "path": "/nix/store/2lqmjj3nwingqsajwgwym4jjl1plqrxd-postgresql-15.7-lib"
            }
          ],
          "store_path": "/nix/store/j063gkab0kj312p0r5wlwh8hhs3ivmmv-postgresql-15.7"
        },
        "aarch64-linux": {
          "outputs": [
            {
              "name": "out",
              "path": "/nix/store/bm08f8k2gyndfq1mszvdm07jnmwr6nlf-postgresql-15.7",
              "default": true
            },
            {
              "name": "man",
              "path": "/nix/store/yd6qvs38zm55271230hfn4j0rd4029ca-postgresql-15.7-man",
              "default": true
            },
            {
              "name": "debug",
              "path": "/nix/store/m8kdahlx418v1x8pvbjja5zbl8ix4hff-postgresql-15.7-debug"
            },
            {
              "name": "doc",
              "path": "/nix/store/nw2ng4sh1vzih1rrfzlivd2c7ifh9zm2-postgresql-15.7-doc"
            },
            {
              "name": "lib",
              "path": "/nix/store/fvs07mhcygpwy41jhw34kq7ghlcnv4nf-postgresql-15.7-lib"
            }
          ],
          "store_path": "/nix/store/bm08f8k2gyndfq1mszvdm07jnmwr6nlf-postgresql-15.7"
        },
        "x86_64-darwin": {
          "outputs": [
            {
              "name": "out",
              "path": "/nix/store/q4h9xjc0804xkcb0l7kxmp8rbqadlpg9-postgresql-15.7",
              "default": true
            },
            {
              "name": "man",
              "path": "/nix/store/22xrk7r5c4bh12wnmh4xssd1xk06b96l-postgresql-15.7-man",
              "default": true
            },
            {
              "name": "doc",
              "path": "/nix/store/4ynkh5cclgi0jcg42868z764irl32dx3-postgresql-15.7-doc"
            },
            {
              "name": "lib",
              "path": "/nix/store/4bqzgkyvzc7c7i955raibmaqabffsi4y-postgresql-15.7-lib"
            }
          ],
          "store_path": "/nix/store/q4h9xjc0804xkcb0l7kxmp8rbqadlpg9-postgresql-15.7"
        },
        "x86_64-linux": {
          "outputs": [
            {
              "name": "out",
              "path": "/nix/store/8gr5ybhmdkafii5idcg57p66nk1qd6sf-postgresql-15.7",
              "default": true
            },
            {
              "name": "man",
              "path": "/nix/store/0j6lskwq3imd8gdwy5rz9sjmn3c41qbc-postgresql-15.7-man",
              "default": true
            },
            {
              "name": "debug",
              "path": "/nix/store/xw1fhj72fzrlkvapaf1spx19ixqm7394-postgresql-15.7-debug"
            },
            {
              "name": "doc",
              "path": "/nix/store/01snq9n6ka7zkb4dp7k639mbb5p0v5qi-postgresql-15.7-doc"
            },
            {
              "name": "lib",
              "path": "/nix/store/9xj29q1wf5wazv63hn5dxlwsp8k3h5lc-postgresql-15.7-lib"
            }
          ],
          "store_path": "/nix/store/8gr5ybhmdkafii5idcg57p66nk1qd6sf-postgresql-15.7"
        }
      }
    }
  }
}
